// !$*UTF8*$!
{
	archiveVersion = 1;
	classes = {
	};
	objectVersion = 50;
	objects = {

/* Begin PBXBuildFile section */
		28E0572A21F8F6F300538A59 /* AppDelegate.m in Sources */ = {isa = PBXBuildFile; fileRef = 28E0572921F8F6F300538A59 /* AppDelegate.m */; };
		28E0572D21F8F6F300538A59 /* ViewController.m in Sources */ = {isa = PBXBuildFile; fileRef = 28E0572C21F8F6F300538A59 /* ViewController.m */; };
		28E0573021F8F6F300538A59 /* Main.storyboard in Resources */ = {isa = PBXBuildFile; fileRef = 28E0572E21F8F6F300538A59 /* Main.storyboard */; };
		28E0573221F8F6F500538A59 /* Assets.xcassets in Resources */ = {isa = PBXBuildFile; fileRef = 28E0573121F8F6F500538A59 /* Assets.xcassets */; };
		28E0573521F8F6F500538A59 /* LaunchScreen.storyboard in Resources */ = {isa = PBXBuildFile; fileRef = 28E0573321F8F6F500538A59 /* LaunchScreen.storyboard */; };
		28E0573821F8F6F500538A59 /* main.m in Sources */ = {isa = PBXBuildFile; fileRef = 28E0573721F8F6F500538A59 /* main.m */; };
		28E0574221F8F6F500538A59 /* InstaKiloTests.m in Sources */ = {isa = PBXBuildFile; fileRef = 28E0574121F8F6F500538A59 /* InstaKiloTests.m */; };
		28E0574D21F8F6F500538A59 /* InstaKiloUITests.m in Sources */ = {isa = PBXBuildFile; fileRef = 28E0574C21F8F6F500538A59 /* InstaKiloUITests.m */; };
		28E0575C21F8FA2700538A59 /* MyCollectionViewCell.m in Sources */ = {isa = PBXBuildFile; fileRef = 28E0575B21F8FA2700538A59 /* MyCollectionViewCell.m */; };
		28E0575F21F8FA4400538A59 /* MyHeader.m in Sources */ = {isa = PBXBuildFile; fileRef = 28E0575E21F8FA4400538A59 /* MyHeader.m */; };
		28E0576221F8FA5400538A59 /* MyFooter.m in Sources */ = {isa = PBXBuildFile; fileRef = 28E0576121F8FA5400538A59 /* MyFooter.m */; };
		28E0576821F9010700538A59 /* Imagee.m in Sources */ = {isa = PBXBuildFile; fileRef = 28E0576721F9010700538A59 /* Imagee.m */; };
		28E0576B21F9051D00538A59 /* ImageCell.m in Sources */ = {isa = PBXBuildFile; fileRef = 28E0576A21F9051D00538A59 /* ImageCell.m */; };
/* End PBXBuildFile section */

/* Begin PBXContainerItemProxy section */
		28E0573E21F8F6F500538A59 /* PBXContainerItemProxy */ = {
			isa = PBXContainerItemProxy;
			containerPortal = 28E0571D21F8F6F300538A59 /* Project object */;
			proxyType = 1;
			remoteGlobalIDString = 28E0572421F8F6F300538A59;
			remoteInfo = InstaKilo;
		};
		28E0574921F8F6F500538A59 /* PBXContainerItemProxy */ = {
			isa = PBXContainerItemProxy;
			containerPortal = 28E0571D21F8F6F300538A59 /* Project object */;
			proxyType = 1;
			remoteGlobalIDString = 28E0572421F8F6F300538A59;
			remoteInfo = InstaKilo;
		};
/* End PBXContainerItemProxy section */

/* Begin PBXFileReference section */
		28E0572521F8F6F300538A59 /* InstaKilo.app */ = {isa = PBXFileReference; explicitFileType = wrapper.application; includeInIndex = 0; path = InstaKilo.app; sourceTree = BUILT_PRODUCTS_DIR; };
		28E0572821F8F6F300538A59 /* AppDelegate.h */ = {isa = PBXFileReference; lastKnownFileType = sourcecode.c.h; path = AppDelegate.h; sourceTree = "<group>"; };
		28E0572921F8F6F300538A59 /* AppDelegate.m */ = {isa = PBXFileReference; lastKnownFileType = sourcecode.c.objc; path = AppDelegate.m; sourceTree = "<group>"; };
		28E0572B21F8F6F300538A59 /* ViewController.h */ = {isa = PBXFileReference; lastKnownFileType = sourcecode.c.h; path = ViewController.h; sourceTree = "<group>"; };
		28E0572C21F8F6F300538A59 /* ViewController.m */ = {isa = PBXFileReference; lastKnownFileType = sourcecode.c.objc; path = ViewController.m; sourceTree = "<group>"; };
		28E0572F21F8F6F300538A59 /* Base */ = {isa = PBXFileReference; lastKnownFileType = file.storyboard; name = Base; path = Base.lproj/Main.storyboard; sourceTree = "<group>"; };
		28E0573121F8F6F500538A59 /* Assets.xcassets */ = {isa = PBXFileReference; lastKnownFileType = folder.assetcatalog; path = Assets.xcassets; sourceTree = "<group>"; };
		28E0573421F8F6F500538A59 /* Base */ = {isa = PBXFileReference; lastKnownFileType = file.storyboard; name = Base; path = Base.lproj/LaunchScreen.storyboard; sourceTree = "<group>"; };
		28E0573621F8F6F500538A59 /* Info.plist */ = {isa = PBXFileReference; lastKnownFileType = text.plist.xml; path = Info.plist; sourceTree = "<group>"; };
		28E0573721F8F6F500538A59 /* main.m */ = {isa = PBXFileReference; lastKnownFileType = sourcecode.c.objc; path = main.m; sourceTree = "<group>"; };
		28E0573D21F8F6F500538A59 /* InstaKiloTests.xctest */ = {isa = PBXFileReference; explicitFileType = wrapper.cfbundle; includeInIndex = 0; path = InstaKiloTests.xctest; sourceTree = BUILT_PRODUCTS_DIR; };
		28E0574121F8F6F500538A59 /* InstaKiloTests.m */ = {isa = PBXFileReference; lastKnownFileType = sourcecode.c.objc; path = InstaKiloTests.m; sourceTree = "<group>"; };
		28E0574321F8F6F500538A59 /* Info.plist */ = {isa = PBXFileReference; lastKnownFileType = text.plist.xml; path = Info.plist; sourceTree = "<group>"; };
		28E0574821F8F6F500538A59 /* InstaKiloUITests.xctest */ = {isa = PBXFileReference; explicitFileType = wrapper.cfbundle; includeInIndex = 0; path = InstaKiloUITests.xctest; sourceTree = BUILT_PRODUCTS_DIR; };
		28E0574C21F8F6F500538A59 /* InstaKiloUITests.m */ = {isa = PBXFileReference; lastKnownFileType = sourcecode.c.objc; path = InstaKiloUITests.m; sourceTree = "<group>"; };
		28E0574E21F8F6F500538A59 /* Info.plist */ = {isa = PBXFileReference; lastKnownFileType = text.plist.xml; path = Info.plist; sourceTree = "<group>"; };
		28E0575A21F8FA2700538A59 /* MyCollectionViewCell.h */ = {isa = PBXFileReference; lastKnownFileType = sourcecode.c.h; path = MyCollectionViewCell.h; sourceTree = "<group>"; };
		28E0575B21F8FA2700538A59 /* MyCollectionViewCell.m */ = {isa = PBXFileReference; lastKnownFileType = sourcecode.c.objc; path = MyCollectionViewCell.m; sourceTree = "<group>"; };
		28E0575D21F8FA4400538A59 /* MyHeader.h */ = {isa = PBXFileReference; lastKnownFileType = sourcecode.c.h; path = MyHeader.h; sourceTree = "<group>"; };
		28E0575E21F8FA4400538A59 /* MyHeader.m */ = {isa = PBXFileReference; lastKnownFileType = sourcecode.c.objc; path = MyHeader.m; sourceTree = "<group>"; };
		28E0576021F8FA5400538A59 /* MyFooter.h */ = {isa = PBXFileReference; lastKnownFileType = sourcecode.c.h; path = MyFooter.h; sourceTree = "<group>"; };
		28E0576121F8FA5400538A59 /* MyFooter.m */ = {isa = PBXFileReference; lastKnownFileType = sourcecode.c.objc; path = MyFooter.m; sourceTree = "<group>"; };
		28E0576621F9010700538A59 /* Imagee.h */ = {isa = PBXFileReference; lastKnownFileType = sourcecode.c.h; path = Imagee.h; sourceTree = "<group>"; };
		28E0576721F9010700538A59 /* Imagee.m */ = {isa = PBXFileReference; lastKnownFileType = sourcecode.c.objc; path = Imagee.m; sourceTree = "<group>"; };
		28E0576921F9051D00538A59 /* ImageCell.h */ = {isa = PBXFileReference; lastKnownFileType = sourcecode.c.h; path = ImageCell.h; sourceTree = "<group>"; };
		28E0576A21F9051D00538A59 /* ImageCell.m */ = {isa = PBXFileReference; lastKnownFileType = sourcecode.c.objc; path = ImageCell.m; sourceTree = "<group>"; };
/* End PBXFileReference section */

/* Begin PBXFrameworksBuildPhase section */
		28E0572221F8F6F300538A59 /* Frameworks */ = {
			isa = PBXFrameworksBuildPhase;
			buildActionMask = 2147483647;
			files = (
			);
			runOnlyForDeploymentPostprocessing = 0;
		};
		28E0573A21F8F6F500538A59 /* Frameworks */ = {
			isa = PBXFrameworksBuildPhase;
			buildActionMask = 2147483647;
			files = (
			);
			runOnlyForDeploymentPostprocessing = 0;
		};
		28E0574521F8F6F500538A59 /* Frameworks */ = {
			isa = PBXFrameworksBuildPhase;
			buildActionMask = 2147483647;
			files = (
			);
			runOnlyForDeploymentPostprocessing = 0;
		};
/* End PBXFrameworksBuildPhase section */

/* Begin PBXGroup section */
		28E0571C21F8F6F300538A59 = {
			isa = PBXGroup;
			children = (
				28E0572721F8F6F300538A59 /* InstaKilo */,
				28E0574021F8F6F500538A59 /* InstaKiloTests */,
				28E0574B21F8F6F500538A59 /* InstaKiloUITests */,
				28E0572621F8F6F300538A59 /* Products */,
			);
			sourceTree = "<group>";
		};
		28E0572621F8F6F300538A59 /* Products */ = {
			isa = PBXGroup;
			children = (
				28E0572521F8F6F300538A59 /* InstaKilo.app */,
				28E0573D21F8F6F500538A59 /* InstaKiloTests.xctest */,
				28E0574821F8F6F500538A59 /* InstaKiloUITests.xctest */,
			);
			name = Products;
			sourceTree = "<group>";
		};
		28E0572721F8F6F300538A59 /* InstaKilo */ = {
			isa = PBXGroup;
			children = (
				28E0572821F8F6F300538A59 /* AppDelegate.h */,
				28E0572921F8F6F300538A59 /* AppDelegate.m */,
				28E0572B21F8F6F300538A59 /* ViewController.h */,
				28E0572C21F8F6F300538A59 /* ViewController.m */,
				28E0575A21F8FA2700538A59 /* MyCollectionViewCell.h */,
				28E0575B21F8FA2700538A59 /* MyCollectionViewCell.m */,
				28E0576921F9051D00538A59 /* ImageCell.h */,
				28E0576A21F9051D00538A59 /* ImageCell.m */,
				28E0575D21F8FA4400538A59 /* MyHeader.h */,
				28E0575E21F8FA4400538A59 /* MyHeader.m */,
				28E0576021F8FA5400538A59 /* MyFooter.h */,
				28E0576121F8FA5400538A59 /* MyFooter.m */,
				28E0572E21F8F6F300538A59 /* Main.storyboard */,
				28E0573121F8F6F500538A59 /* Assets.xcassets */,
				28E0573321F8F6F500538A59 /* LaunchScreen.storyboard */,
				28E0573621F8F6F500538A59 /* Info.plist */,
				28E0576621F9010700538A59 /* Imagee.h */,
				28E0576721F9010700538A59 /* Imagee.m */,
				28E0573721F8F6F500538A59 /* main.m */,
			);
			path = InstaKilo;
			sourceTree = "<group>";
		};
		28E0574021F8F6F500538A59 /* InstaKiloTests */ = {
			isa = PBXGroup;
			children = (
				28E0574121F8F6F500538A59 /* InstaKiloTests.m */,
				28E0574321F8F6F500538A59 /* Info.plist */,
			);
			path = InstaKiloTests;
			sourceTree = "<group>";
		};
		28E0574B21F8F6F500538A59 /* InstaKiloUITests */ = {
			isa = PBXGroup;
			children = (
				28E0574C21F8F6F500538A59 /* InstaKiloUITests.m */,
				28E0574E21F8F6F500538A59 /* Info.plist */,
			);
			path = InstaKiloUITests;
			sourceTree = "<group>";
		};
/* End PBXGroup section */

/* Begin PBXNativeTarget section */
		28E0572421F8F6F300538A59 /* InstaKilo */ = {
			isa = PBXNativeTarget;
			buildConfigurationList = 28E0575121F8F6F500538A59 /* Build configuration list for PBXNativeTarget "InstaKilo" */;
			buildPhases = (
				28E0572121F8F6F300538A59 /* Sources */,
				28E0572221F8F6F300538A59 /* Frameworks */,
				28E0572321F8F6F300538A59 /* Resources */,
			);
			buildRules = (
			);
			dependencies = (
			);
			name = InstaKilo;
			productName = InstaKilo;
			productReference = 28E0572521F8F6F300538A59 /* InstaKilo.app */;
			productType = "com.apple.product-type.application";
		};
		28E0573C21F8F6F500538A59 /* InstaKiloTests */ = {
			isa = PBXNativeTarget;
			buildConfigurationList = 28E0575421F8F6F500538A59 /* Build configuration list for PBXNativeTarget "InstaKiloTests" */;
			buildPhases = (
				28E0573921F8F6F500538A59 /* Sources */,
				28E0573A21F8F6F500538A59 /* Frameworks */,
				28E0573B21F8F6F500538A59 /* Resources */,
			);
			buildRules = (
			);
			dependencies = (
				28E0573F21F8F6F500538A59 /* PBXTargetDependency */,
			);
			name = InstaKiloTests;
			productName = InstaKiloTests;
			productReference = 28E0573D21F8F6F500538A59 /* InstaKiloTests.xctest */;
			productType = "com.apple.product-type.bundle.unit-test";
		};
		28E0574721F8F6F500538A59 /* InstaKiloUITests */ = {
			isa = PBXNativeTarget;
			buildConfigurationList = 28E0575721F8F6F500538A59 /* Build configuration list for PBXNativeTarget "InstaKiloUITests" */;
			buildPhases = (
				28E0574421F8F6F500538A59 /* Sources */,
				28E0574521F8F6F500538A59 /* Frameworks */,
				28E0574621F8F6F500538A59 /* Resources */,
			);
			buildRules = (
			);
			dependencies = (
				28E0574A21F8F6F500538A59 /* PBXTargetDependency */,
			);
			name = InstaKiloUITests;
			productName = InstaKiloUITests;
			productReference = 28E0574821F8F6F500538A59 /* InstaKiloUITests.xctest */;
			productType = "com.apple.product-type.bundle.ui-testing";
		};
/* End PBXNativeTarget section */

/* Begin PBXProject section */
		28E0571D21F8F6F300538A59 /* Project object */ = {
			isa = PBXProject;
			attributes = {
				LastUpgradeCheck = 1010;
				ORGANIZATIONNAME = "Joshua Fanng";
				TargetAttributes = {
					28E0572421F8F6F300538A59 = {
						CreatedOnToolsVersion = 10.1;
					};
					28E0573C21F8F6F500538A59 = {
						CreatedOnToolsVersion = 10.1;
						TestTargetID = 28E0572421F8F6F300538A59;
					};
					28E0574721F8F6F500538A59 = {
						CreatedOnToolsVersion = 10.1;
						TestTargetID = 28E0572421F8F6F300538A59;
					};
				};
			};
			buildConfigurationList = 28E0572021F8F6F300538A59 /* Build configuration list for PBXProject "InstaKilo" */;
			compatibilityVersion = "Xcode 9.3";
			developmentRegion = en;
			hasScannedForEncodings = 0;
			knownRegions = (
				en,
				Base,
			);
			mainGroup = 28E0571C21F8F6F300538A59;
			productRefGroup = 28E0572621F8F6F300538A59 /* Products */;
			projectDirPath = "";
			projectRoot = "";
			targets = (
				28E0572421F8F6F300538A59 /* InstaKilo */,
				28E0573C21F8F6F500538A59 /* InstaKiloTests */,
				28E0574721F8F6F500538A59 /* InstaKiloUITests */,
			);
		};
/* End PBXProject section */

/* Begin PBXResourcesBuildPhase section */
		28E0572321F8F6F300538A59 /* Resources */ = {
			isa = PBXResourcesBuildPhase;
			buildActionMask = 2147483647;
			files = (
				28E0573521F8F6F500538A59 /* LaunchScreen.storyboard in Resources */,
				28E0573221F8F6F500538A59 /* Assets.xcassets in Resources */,
				28E0573021F8F6F300538A59 /* Main.storyboard in Resources */,
			);
			runOnlyForDeploymentPostprocessing = 0;
		};
		28E0573B21F8F6F500538A59 /* Resources */ = {
			isa = PBXResourcesBuildPhase;
			buildActionMask = 2147483647;
			files = (
			);
			runOnlyForDeploymentPostprocessing = 0;
		};
		28E0574621F8F6F500538A59 /* Resources */ = {
			isa = PBXResourcesBuildPhase;
			buildActionMask = 2147483647;
			files = (
			);
			runOnlyForDeploymentPostprocessing = 0;
		};
/* End PBXResourcesBuildPhase section */

/* Begin PBXSourcesBuildPhase section */
		28E0572121F8F6F300538A59 /* Sources */ = {
			isa = PBXSourcesBuildPhase;
			buildActionMask = 2147483647;
			files = (
				28E0572D21F8F6F300538A59 /* ViewController.m in Sources */,
				28E0576B21F9051D00538A59 /* ImageCell.m in Sources */,
				28E0573821F8F6F500538A59 /* main.m in Sources */,
				28E0576221F8FA5400538A59 /* MyFooter.m in Sources */,
				28E0576821F9010700538A59 /* Imagee.m in Sources */,
				28E0575C21F8FA2700538A59 /* MyCollectionViewCell.m in Sources */,
				28E0572A21F8F6F300538A59 /* AppDelegate.m in Sources */,
				28E0575F21F8FA4400538A59 /* MyHeader.m in Sources */,
			);
			runOnlyForDeploymentPostprocessing = 0;
		};
		28E0573921F8F6F500538A59 /* Sources */ = {
			isa = PBXSourcesBuildPhase;
			buildActionMask = 2147483647;
			files = (
				28E0574221F8F6F500538A59 /* InstaKiloTests.m in Sources */,
			);
			runOnlyForDeploymentPostprocessing = 0;
		};
		28E0574421F8F6F500538A59 /* Sources */ = {
			isa = PBXSourcesBuildPhase;
			buildActionMask = 2147483647;
			files = (
				28E0574D21F8F6F500538A59 /* InstaKiloUITests.m in Sources */,
			);
			runOnlyForDeploymentPostprocessing = 0;
		};
/* End PBXSourcesBuildPhase section */

/* Begin PBXTargetDependency section */
		28E0573F21F8F6F500538A59 /* PBXTargetDependency */ = {
			isa = PBXTargetDependency;
			target = 28E0572421F8F6F300538A59 /* InstaKilo */;
			targetProxy = 28E0573E21F8F6F500538A59 /* PBXContainerItemProxy */;
		};
		28E0574A21F8F6F500538A59 /* PBXTargetDependency */ = {
			isa = PBXTargetDependency;
			target = 28E0572421F8F6F300538A59 /* InstaKilo */;
			targetProxy = 28E0574921F8F6F500538A59 /* PBXContainerItemProxy */;
		};
/* End PBXTargetDependency section */

/* Begin PBXVariantGroup section */
		28E0572E21F8F6F300538A59 /* Main.storyboard */ = {
			isa = PBXVariantGroup;
			children = (
				28E0572F21F8F6F300538A59 /* Base */,
			);
			name = Main.storyboard;
			sourceTree = "<group>";
		};
		28E0573321F8F6F500538A59 /* LaunchScreen.storyboard */ = {
			isa = PBXVariantGroup;
			children = (
				28E0573421F8F6F500538A59 /* Base */,
			);
			name = LaunchScreen.storyboard;
			sourceTree = "<group>";
		};
/* End PBXVariantGroup section */

/* Begin XCBuildConfiguration section */
		28E0574F21F8F6F500538A59 /* Debug */ = {
			isa = XCBuildConfiguration;
			buildSettings = {
				ALWAYS_SEARCH_USER_PATHS = NO;
				CLANG_ANALYZER_NONNULL = YES;
				CLANG_ANALYZER_NUMBER_OBJECT_CONVERSION = YES_AGGRESSIVE;
				CLANG_CXX_LANGUAGE_STANDARD = "gnu++14";
				CLANG_CXX_LIBRARY = "libc++";
				CLANG_ENABLE_MODULES = YES;
				CLANG_ENABLE_OBJC_ARC = YES;
				CLANG_ENABLE_OBJC_WEAK = YES;
				CLANG_WARN_BLOCK_CAPTURE_AUTORELEASING = YES;
				CLANG_WARN_BOOL_CONVERSION = YES;
				CLANG_WARN_COMMA = YES;
				CLANG_WARN_CONSTANT_CONVERSION = YES;
				CLANG_WARN_DEPRECATED_OBJC_IMPLEMENTATIONS = YES;
				CLANG_WARN_DIRECT_OBJC_ISA_USAGE = YES_ERROR;
				CLANG_WARN_DOCUMENTATION_COMMENTS = YES;
				CLANG_WARN_EMPTY_BODY = YES;
				CLANG_WARN_ENUM_CONVERSION = YES;
				CLANG_WARN_INFINITE_RECURSION = YES;
				CLANG_WARN_INT_CONVERSION = YES;
				CLANG_WARN_NON_LITERAL_NULL_CONVERSION = YES;
				CLANG_WARN_OBJC_IMPLICIT_RETAIN_SELF = YES;
				CLANG_WARN_OBJC_LITERAL_CONVERSION = YES;
				CLANG_WARN_OBJC_ROOT_CLASS = YES_ERROR;
				CLANG_WARN_RANGE_LOOP_ANALYSIS = YES;
				CLANG_WARN_STRICT_PROTOTYPES = YES;
				CLANG_WARN_SUSPICIOUS_MOVE = YES;
				CLANG_WARN_UNGUARDED_AVAILABILITY = YES_AGGRESSIVE;
				CLANG_WARN_UNREACHABLE_CODE = YES;
				CLANG_WARN__DUPLICATE_METHOD_MATCH = YES;
				CODE_SIGN_IDENTITY = "iPhone Developer";
				COPY_PHASE_STRIP = NO;
				DEBUG_INFORMATION_FORMAT = dwarf;
				ENABLE_STRICT_OBJC_MSGSEND = YES;
				ENABLE_TESTABILITY = YES;
				GCC_C_LANGUAGE_STANDARD = gnu11;
				GCC_DYNAMIC_NO_PIC = NO;
				GCC_NO_COMMON_BLOCKS = YES;
				GCC_OPTIMIZATION_LEVEL = 0;
				GCC_PREPROCESSOR_DEFINITIONS = (
					"DEBUG=1",
					"$(inherited)",
				);
				GCC_WARN_64_TO_32_BIT_CONVERSION = YES;
				GCC_WARN_ABOUT_RETURN_TYPE = YES_ERROR;
				GCC_WARN_UNDECLARED_SELECTOR = YES;
				GCC_WARN_UNINITIALIZED_AUTOS = YES_AGGRESSIVE;
				GCC_WARN_UNUSED_FUNCTION = YES;
				GCC_WARN_UNUSED_VARIABLE = YES;
				IPHONEOS_DEPLOYMENT_TARGET = 12.1;
				MTL_ENABLE_DEBUG_INFO = INCLUDE_SOURCE;
				MTL_FAST_MATH = YES;
				ONLY_ACTIVE_ARCH = YES;
				SDKROOT = iphoneos;
			};
			name = Debug;
		};
		28E0575021F8F6F500538A59 /* Release */ = {
			isa = XCBuildConfiguration;
			buildSettings = {
				ALWAYS_SEARCH_USER_PATHS = NO;
				CLANG_ANALYZER_NONNULL = YES;
				CLANG_ANALYZER_NUMBER_OBJECT_CONVERSION = YES_AGGRESSIVE;
				CLANG_CXX_LANGUAGE_STANDARD = "gnu++14";
				CLANG_CXX_LIBRARY = "libc++";
				CLANG_ENABLE_MODULES = YES;
				CLANG_ENABLE_OBJC_ARC = YES;
				CLANG_ENABLE_OBJC_WEAK = YES;
				CLANG_WARN_BLOCK_CAPTURE_AUTORELEASING = YES;
				CLANG_WARN_BOOL_CONVERSION = YES;
				CLANG_WARN_COMMA = YES;
				CLANG_WARN_CONSTANT_CONVERSION = YES;
				CLANG_WARN_DEPRECATED_OBJC_IMPLEMENTATIONS = YES;
				CLANG_WARN_DIRECT_OBJC_ISA_USAGE = YES_ERROR;
				CLANG_WARN_DOCUMENTATION_COMMENTS = YES;
				CLANG_WARN_EMPTY_BODY = YES;
				CLANG_WARN_ENUM_CONVERSION = YES;
				CLANG_WARN_INFINITE_RECURSION = YES;
				CLANG_WARN_INT_CONVERSION = YES;
				CLANG_WARN_NON_LITERAL_NULL_CONVERSION = YES;
				CLANG_WARN_OBJC_IMPLICIT_RETAIN_SELF = YES;
				CLANG_WARN_OBJC_LITERAL_CONVERSION = YES;
				CLANG_WARN_OBJC_ROOT_CLASS = YES_ERROR;
				CLANG_WARN_RANGE_LOOP_ANALYSIS = YES;
				CLANG_WARN_STRICT_PROTOTYPES = YES;
				CLANG_WARN_SUSPICIOUS_MOVE = YES;
				CLANG_WARN_UNGUARDED_AVAILABILITY = YES_AGGRESSIVE;
				CLANG_WARN_UNREACHABLE_CODE = YES;
				CLANG_WARN__DUPLICATE_METHOD_MATCH = YES;
				CODE_SIGN_IDENTITY = "iPhone Developer";
				COPY_PHASE_STRIP = NO;
				DEBUG_INFORMATION_FORMAT = "dwarf-with-dsym";
				ENABLE_NS_ASSERTIONS = NO;
				ENABLE_STRICT_OBJC_MSGSEND = YES;
				GCC_C_LANGUAGE_STANDARD = gnu11;
				GCC_NO_COMMON_BLOCKS = YES;
				GCC_WARN_64_TO_32_BIT_CONVERSION = YES;
				GCC_WARN_ABOUT_RETURN_TYPE = YES_ERROR;
				GCC_WARN_UNDECLARED_SELECTOR = YES;
				GCC_WARN_UNINITIALIZED_AUTOS = YES_AGGRESSIVE;
				GCC_WARN_UNUSED_FUNCTION = YES;
				GCC_WARN_UNUSED_VARIABLE = YES;
				IPHONEOS_DEPLOYMENT_TARGET = 12.1;
				MTL_ENABLE_DEBUG_INFO = NO;
				MTL_FAST_MATH = YES;
				SDKROOT = iphoneos;
				VALIDATE_PRODUCT = YES;
			};
			name = Release;
		};
		28E0575221F8F6F500538A59 /* Debug */ = {
			isa = XCBuildConfiguration;
			buildSettings = {
				ASSETCATALOG_COMPILER_APPICON_NAME = AppIcon;
				CODE_SIGN_STYLE = Automatic;
				DEVELOPMENT_TEAM = XX8BFQJ7RJ;
				INFOPLIST_FILE = InstaKilo/Info.plist;
				LD_RUNPATH_SEARCH_PATHS = (
					"$(inherited)",
					"@executable_path/Frameworks",
				);
				PRODUCT_BUNDLE_IDENTIFIER = compass.InstaKilo;
				PRODUCT_NAME = "$(TARGET_NAME)";
				TARGETED_DEVICE_FAMILY = "1,2";
			};
			name = Debug;
		};
		28E0575321F8F6F500538A59 /* Release */ = {
			isa = XCBuildConfiguration;
			buildSettings = {
				ASSETCATALOG_COMPILER_APPICON_NAME = AppIcon;
				CODE_SIGN_STYLE = Automatic;
				DEVELOPMENT_TEAM = XX8BFQJ7RJ;
				INFOPLIST_FILE = InstaKilo/Info.plist;
				LD_RUNPATH_SEARCH_PATHS = (
					"$(inherited)",
					"@executable_path/Frameworks",
				);
				PRODUCT_BUNDLE_IDENTIFIER = compass.InstaKilo;
				PRODUCT_NAME = "$(TARGET_NAME)";
				TARGETED_DEVICE_FAMILY = "1,2";
			};
			name = Release;
		};
		28E0575521F8F6F500538A59 /* Debug */ = {
			isa = XCBuildConfiguration;
			buildSettings = {
				BUNDLE_LOADER = "$(TEST_HOST)";
				CODE_SIGN_STYLE = Automatic;
				DEVELOPMENT_TEAM = XX8BFQJ7RJ;
				INFOPLIST_FILE = InstaKiloTests/Info.plist;
				LD_RUNPATH_SEARCH_PATHS = (
					"$(inherited)",
					"@executable_path/Frameworks",
					"@loader_path/Frameworks",
				);
				PRODUCT_BUNDLE_IDENTIFIER = compass.InstaKiloTests;
				PRODUCT_NAME = "$(TARGET_NAME)";
				TARGETED_DEVICE_FAMILY = "1,2";
				TEST_HOST = "$(BUILT_PRODUCTS_DIR)/InstaKilo.app/InstaKilo";
			};
			name = Debug;
		};
		28E0575621F8F6F500538A59 /* Release */ = {
			isa = XCBuildConfiguration;
			buildSettings = {
				BUNDLE_LOADER = "$(TEST_HOST)";
				CODE_SIGN_STYLE = Automatic;
				DEVELOPMENT_TEAM = XX8BFQJ7RJ;
				INFOPLIST_FILE = InstaKiloTests/Info.plist;
				LD_RUNPATH_SEARCH_PATHS = (
					"$(inherited)",
					"@executable_path/Frameworks",
					"@loader_path/Frameworks",
				);
				PRODUCT_BUNDLE_IDENTIFIER = compass.InstaKiloTests;
				PRODUCT_NAME = "$(TARGET_NAME)";
				TARGETED_DEVICE_FAMILY = "1,2";
				TEST_HOST = "$(BUILT_PRODUCTS_DIR)/InstaKilo.app/InstaKilo";
			};
			name = Release;
		};
		28E0575821F8F6F500538A59 /* Debug */ = {
			isa = XCBuildConfiguration;
			buildSettings = {
				CODE_SIGN_STYLE = Automatic;
				DEVELOPMENT_TEAM = XX8BFQJ7RJ;
				INFOPLIST_FILE = InstaKiloUITests/Info.plist;
				LD_RUNPATH_SEARCH_PATHS = (
					"$(inherited)",
					"@executable_path/Frameworks",
					"@loader_path/Frameworks",
				);
				PRODUCT_BUNDLE_IDENTIFIER = compass.InstaKiloUITests;
				PRODUCT_NAME = "$(TARGET_NAME)";
				TARGETED_DEVICE_FAMILY = "1,2";
				TEST_TARGET_NAME = InstaKilo;
			};
			name = Debug;
		};
		28E0575921F8F6F500538A59 /* Release */ = {
			isa = XCBuildConfiguration;
			buildSettings = {
				CODE_SIGN_STYLE = Automatic;
				DEVELOPMENT_TEAM = XX8BFQJ7RJ;
				INFOPLIST_FILE = InstaKiloUITests/Info.plist;
				LD_RUNPATH_SEARCH_PATHS = (
					"$(inherited)",
					"@executable_path/Frameworks",
					"@loader_path/Frameworks",
				);
				PRODUCT_BUNDLE_IDENTIFIER = compass.InstaKiloUITests;
				PRODUCT_NAME = "$(TARGET_NAME)";
				TARGETED_DEVICE_FAMILY = "1,2";
				TEST_TARGET_NAME = InstaKilo;
			};
			name = Release;
		};
/* End XCBuildConfiguration section */

/* Begin XCConfigurationList section */
		28E0572021F8F6F300538A59 /* Build configuration list for PBXProject "InstaKilo" */ = {
			isa = XCConfigurationList;
			buildConfigurations = (
				28E0574F21F8F6F500538A59 /* Debug */,
				28E0575021F8F6F500538A59 /* Release */,
			);
			defaultConfigurationIsVisible = 0;
			defaultConfigurationName = Release;
		};
		28E0575121F8F6F500538A59 /* Build configuration list for PBXNativeTarget "InstaKilo" */ = {
			isa = XCConfigurationList;
			buildConfigurations = (
				28E0575221F8F6F500538A59 /* Debug */,
				28E0575321F8F6F500538A59 /* Release */,
			);
			defaultConfigurationIsVisible = 0;
			defaultConfigurationName = Release;
		};
		28E0575421F8F6F500538A59 /* Build configuration list for PBXNativeTarget "InstaKiloTests" */ = {
			isa = XCConfigurationList;
			buildConfigurations = (
				28E0575521F8F6F500538A59 /* Debug */,
				28E0575621F8F6F500538A59 /* Release */,
			);
			defaultConfigurationIsVisible = 0;
			defaultConfigurationName = Release;
		};
		28E0575721F8F6F500538A59 /* Build configuration list for PBXNativeTarget "InstaKiloUITests" */ = {
			isa = XCConfigurationList;
			buildConfigurations = (
				28E0575821F8F6F500538A59 /* Debug */,
				28E0575921F8F6F500538A59 /* Release */,
			);
			defaultConfigurationIsVisible = 0;
			defaultConfigurationName = Release;
		};
/* End XCConfigurationList section */
	};
	rootObject = 28E0571D21F8F6F300538A59 /* Project object */;
}
